
Microsoft Visual Studio Solution File, Format Version 12.00
# Visual Studio 15
VisualStudioVersion = 15.0.28010.2026
MinimumVisualStudioVersion = 10.0.40219.1
Project("{FAE04EC0-301F-11D3-BF4B-00C04F79EFBC}") = "PayWorldConnectionTest", "PayWorldConnectionTest\PayWorldConnectionTest.csproj", "{BE8AFB59-2319-49E3-A31F-CDEBD9866781}"
EndProject
Project("{FAE04EC0-301F-11D3-BF4B-00C04F79EFBC}") = "PayWorldAdapter", "PayWorldAdapter\PayWorldAdapter.csproj", "{2F3FC4C0-2C1C-4824-A105-3DBC3BF7AF0F}"
EndProject
Global
	GlobalSection(SolutionConfigurationPlatforms) = preSolution
		Debug|Any CPU = Debug|Any CPU
		Debug|ARM = Debug|ARM
		Debug|x64 = Debug|x64
		Debug|x86 = Debug|x86
		Release|Any CPU = Release|Any CPU
		Release|ARM = Release|ARM
		Release|x64 = Release|x64
		Release|x86 = Release|x86
	EndGlobalSection
	GlobalSection(ProjectConfigurationPlatforms) = postSolution
		{BE8AFB59-2319-49E3-A31F-CDEBD9866781}.Debug|Any CPU.ActiveCfg = Debug|Any CPU
		{BE8AFB59-2319-49E3-A31F-CDEBD9866781}.Debug|Any CPU.Build.0 = Debug|Any CPU
		{BE8AFB59-2319-49E3-A31F-CDEBD9866781}.Debug|ARM.ActiveCfg = Debug|Any CPU
		{BE8AFB59-2319-49E3-A31F-CDEBD9866781}.Debug|ARM.Build.0 = Debug|Any CPU
		{BE8AFB59-2319-49E3-A31F-CDEBD9866781}.Debug|x64.ActiveCfg = Debug|Any CPU
		{BE8AFB59-2319-49E3-A31F-CDEBD9866781}.Debug|x64.Build.0 = Debug|Any CPU
		{BE8AFB59-2319-49E3-A31F-CDEBD9866781}.Debug|x86.ActiveCfg = Debug|Any CPU
		{BE8AFB59-2319-49E3-A31F-CDEBD9866781}.Debug|x86.Build.0 = Debug|Any CPU
		{BE8AFB59-2319-49E3-A31F-CDEBD9866781}.Release|Any CPU.ActiveCfg = Release|Any CPU
		{BE8AFB59-2319-49E3-A31F-CDEBD9866781}.Release|Any CPU.Build.0 = Release|Any CPU
		{BE8AFB59-2319-49E3-A31F-CDEBD9866781}.Release|ARM.ActiveCfg = Release|Any CPU
		{BE8AFB59-2319-49E3-A31F-CDEBD9866781}.Release|ARM.Build.0 = Release|Any CPU
		{BE8AFB59-2319-49E3-A31F-CDEBD9866781}.Release|x64.ActiveCfg = Release|Any CPU
		{BE8AFB59-2319-49E3-A31F-CDEBD9866781}.Release|x64.Build.0 = Release|Any CPU
		{BE8AFB59-2319-49E3-A31F-CDEBD9866781}.Release|x86.ActiveCfg = Release|Any CPU
		{BE8AFB59-2319-49E3-A31F-CDEBD9866781}.Release|x86.Build.0 = Release|Any CPU
		{2F3FC4C0-2C1C-4824-A105-3DBC3BF7AF0F}.Debug|Any CPU.ActiveCfg = Debug|Any CPU
		{2F3FC4C0-2C1C-4824-A105-3DBC3BF7AF0F}.Debug|Any CPU.Build.0 = Debug|Any CPU
		{2F3FC4C0-2C1C-4824-A105-3DBC3BF7AF0F}.Debug|ARM.ActiveCfg = Debug|Any CPU
		{2F3FC4C0-2C1C-4824-A105-3DBC3BF7AF0F}.Debug|ARM.Build.0 = Debug|Any CPU
		{2F3FC4C0-2C1C-4824-A105-3DBC3BF7AF0F}.Debug|x64.ActiveCfg = Debug|Any CPU
		{2F3FC4C0-2C1C-4824-A105-3DBC3BF7AF0F}.Debug|x64.Build.0 = Debug|Any CPU
		{2F3FC4C0-2C1C-4824-A105-3DBC3BF7AF0F}.Debug|x86.ActiveCfg = Debug|Any CPU
		{2F3FC4C0-2C1C-4824-A105-3DBC3BF7AF0F}.Debug|x86.Build.0 = Debug|Any CPU
		{2F3FC4C0-2C1C-4824-A105-3DBC3BF7AF0F}.Release|Any CPU.ActiveCfg = Release|Any CPU
		{2F3FC4C0-2C1C-4824-A105-3DBC3BF7AF0F}.Release|Any CPU.Build.0 = Release|Any CPU
		{2F3FC4C0-2C1C-4824-A105-3DBC3BF7AF0F}.Release|ARM.ActiveCfg = Release|Any CPU
		{2F3FC4C0-2C1C-4824-A105-3DBC3BF7AF0F}.Release|ARM.Build.0 = Release|Any CPU
		{2F3FC4C0-2C1C-4824-A105-3DBC3BF7AF0F}.Release|x64.ActiveCfg = Release|Any CPU
		{2F3FC4C0-2C1C-4824-A105-3DBC3BF7AF0F}.Release|x64.Build.0 = Release|Any CPU
		{2F3FC4C0-2C1C-4824-A105-3DBC3BF7AF0F}.Release|x86.ActiveCfg = Release|Any CPU
		{2F3FC4C0-2C1C-4824-A105-3DBC3BF7AF0F}.Release|x86.Build.0 = Release|Any CPU
	EndGlobalSection
	GlobalSection(SolutionProperties) = preSolution
		HideSolutionNode = FALSE
	EndGlobalSection
	GlobalSection(ExtensibilityGlobals) = postSolution
		SolutionGuid = {43E8C961-CBE6-49EB-8ACB-E2BEFB5F037C}
	EndGlobalSection
EndGlobal
